
Microsoft Visual Studio Solution File, Format Version 12.00
# Visual Studio Version 16
VisualStudioVersion = 16.0.33130.400
MinimumVisualStudioVersion = 10.0.40219.1
Project("{FAE04EC0-301F-11D3-BF4B-00C04F79EFBC}") = "WelcomeAcme", "WelcomeAcme\WelcomeAcme.csproj", "{2CC10208-F768-4DE9-9C56-8C479CF9B36D}"
EndProject
Global
	GlobalSection(SolutionConfigurationPlatforms) = preSolution
		Debug|Any CPU = Debug|Any CPU
		Release|Any CPU = Release|Any CPU
	EndGlobalSection
	GlobalSection(ProjectConfigurationPlatforms) = postSolution
		{2CC10208-F768-4DE9-9C56-8C479CF9B36D}.Debug|Any CPU.ActiveCfg = Debug|Any CPU
		{2CC10208-F768-4DE9-9C56-8C479CF9B36D}.Debug|Any CPU.Build.0 = Debug|Any CPU
		{2CC10208-F768-4DE9-9C56-8C479CF9B36D}.Release|Any CPU.ActiveCfg = Release|Any CPU
		{2CC10208-F768-4DE9-9C56-8C479CF9B36D}.Release|Any CPU.Build.0 = Release|Any CPU
	EndGlobalSection
	GlobalSection(SolutionProperties) = preSolution
		HideSolutionNode = FALSE
	EndGlobalSection
	GlobalSection(ExtensibilityGlobals) = postSolution
		SolutionGuid = {FAEEE76E-32D2-461C-81BA-3C90DF5FBBD7}
	EndGlobalSection
EndGlobal
