
Microsoft Visual Studio Solution File, Format Version 12.00
# Visual Studio Version 16
VisualStudioVersion = 16.0.33027.164
MinimumVisualStudioVersion = 10.0.40219.1
Project("{FAE04EC0-301F-11D3-BF4B-00C04F79EFBC}") = "ConstructorAssignment", "ConstructorAssignment\ConstructorAssignment.csproj", "{0AF6193E-5D03-44D1-82BB-0A1105498EF3}"
EndProject
Global
	GlobalSection(SolutionConfigurationPlatforms) = preSolution
		Debug|Any CPU = Debug|Any CPU
		Release|Any CPU = Release|Any CPU
	EndGlobalSection
	GlobalSection(ProjectConfigurationPlatforms) = postSolution
		{0AF6193E-5D03-44D1-82BB-0A1105498EF3}.Debug|Any CPU.ActiveCfg = Debug|Any CPU
		{0AF6193E-5D03-44D1-82BB-0A1105498EF3}.Debug|Any CPU.Build.0 = Debug|Any CPU
		{0AF6193E-5D03-44D1-82BB-0A1105498EF3}.Release|Any CPU.ActiveCfg = Release|Any CPU
		{0AF6193E-5D03-44D1-82BB-0A1105498EF3}.Release|Any CPU.Build.0 = Release|Any CPU
	EndGlobalSection
	GlobalSection(SolutionProperties) = preSolution
		HideSolutionNode = FALSE
	EndGlobalSection
	GlobalSection(ExtensibilityGlobals) = postSolution
		SolutionGuid = {3727DA85-28B3-4ACD-ADF8-A1AA6B011028}
	EndGlobalSection
EndGlobal
