
Microsoft Visual Studio Solution File, Format Version 12.00
# Visual Studio Version 16
VisualStudioVersion = 16.0.33130.400
MinimumVisualStudioVersion = 10.0.40219.1
Project("{FAE04EC0-301F-11D3-BF4B-00C04F79EFBC}") = "ClassMethodAssignment", "ClassMethodAssignment\ClassMethodAssignment.csproj", "{75493EF1-AB2C-4CC9-8CA2-B6905BB9FED5}"
EndProject
Global
	GlobalSection(SolutionConfigurationPlatforms) = preSolution
		Debug|Any CPU = Debug|Any CPU
		Release|Any CPU = Release|Any CPU
	EndGlobalSection
	GlobalSection(ProjectConfigurationPlatforms) = postSolution
		{75493EF1-AB2C-4CC9-8CA2-B6905BB9FED5}.Debug|Any CPU.ActiveCfg = Debug|Any CPU
		{75493EF1-AB2C-4CC9-8CA2-B6905BB9FED5}.Debug|Any CPU.Build.0 = Debug|Any CPU
		{75493EF1-AB2C-4CC9-8CA2-B6905BB9FED5}.Release|Any CPU.ActiveCfg = Release|Any CPU
		{75493EF1-AB2C-4CC9-8CA2-B6905BB9FED5}.Release|Any CPU.Build.0 = Release|Any CPU
	EndGlobalSection
	GlobalSection(SolutionProperties) = preSolution
		HideSolutionNode = FALSE
	EndGlobalSection
	GlobalSection(ExtensibilityGlobals) = postSolution
		SolutionGuid = {12F568EA-EB22-4AB5-8D2F-625A8CB03BC6}
	EndGlobalSection
EndGlobal
