
Microsoft Visual Studio Solution File, Format Version 12.00
# Visual Studio Version 16
VisualStudioVersion = 16.0.33130.400
MinimumVisualStudioVersion = 10.0.40219.1
Project("{FAE04EC0-301F-11D3-BF4B-00C04F79EFBC}") = "VariablesandDataTypes", "VariablesandDataTypes\VariablesandDataTypes.csproj", "{F5BE8B13-9DCA-4B14-8EE8-3B688B4FCA86}"
EndProject
Global
	GlobalSection(SolutionConfigurationPlatforms) = preSolution
		Debug|Any CPU = Debug|Any CPU
		Release|Any CPU = Release|Any CPU
	EndGlobalSection
	GlobalSection(ProjectConfigurationPlatforms) = postSolution
		{F5BE8B13-9DCA-4B14-8EE8-3B688B4FCA86}.Debug|Any CPU.ActiveCfg = Debug|Any CPU
		{F5BE8B13-9DCA-4B14-8EE8-3B688B4FCA86}.Debug|Any CPU.Build.0 = Debug|Any CPU
		{F5BE8B13-9DCA-4B14-8EE8-3B688B4FCA86}.Release|Any CPU.ActiveCfg = Release|Any CPU
		{F5BE8B13-9DCA-4B14-8EE8-3B688B4FCA86}.Release|Any CPU.Build.0 = Release|Any CPU
	EndGlobalSection
	GlobalSection(SolutionProperties) = preSolution
		HideSolutionNode = FALSE
	EndGlobalSection
	GlobalSection(ExtensibilityGlobals) = postSolution
		SolutionGuid = {C1CBD568-831E-47C8-A036-1E5477056420}
	EndGlobalSection
EndGlobal
