
Microsoft Visual Studio Solution File, Format Version 12.00
# Visual Studio Version 16
VisualStudioVersion = 16.0.33130.400
MinimumVisualStudioVersion = 10.0.40219.1
Project("{FAE04EC0-301F-11D3-BF4B-00C04F79EFBC}") = "AbstractClassAssignment", "AbstractClassAssignment\AbstractClassAssignment.csproj", "{33A8A699-E2E0-44D9-B724-546B7C16794E}"
EndProject
Global
	GlobalSection(SolutionConfigurationPlatforms) = preSolution
		Debug|Any CPU = Debug|Any CPU
		Release|Any CPU = Release|Any CPU
	EndGlobalSection
	GlobalSection(ProjectConfigurationPlatforms) = postSolution
		{33A8A699-E2E0-44D9-B724-546B7C16794E}.Debug|Any CPU.ActiveCfg = Debug|Any CPU
		{33A8A699-E2E0-44D9-B724-546B7C16794E}.Debug|Any CPU.Build.0 = Debug|Any CPU
		{33A8A699-E2E0-44D9-B724-546B7C16794E}.Release|Any CPU.ActiveCfg = Release|Any CPU
		{33A8A699-E2E0-44D9-B724-546B7C16794E}.Release|Any CPU.Build.0 = Release|Any CPU
	EndGlobalSection
	GlobalSection(SolutionProperties) = preSolution
		HideSolutionNode = FALSE
	EndGlobalSection
	GlobalSection(ExtensibilityGlobals) = postSolution
		SolutionGuid = {48642E02-568A-487C-96C3-D052D2F48669}
	EndGlobalSection
EndGlobal
