
Microsoft Visual Studio Solution File, Format Version 12.00
# Visual Studio Version 16
VisualStudioVersion = 16.0.33130.400
MinimumVisualStudioVersion = 10.0.40219.1
Project("{FAE04EC0-301F-11D3-BF4B-00C04F79EFBC}") = "While Loop Assignment", "While Loop Assignment\While Loop Assignment.csproj", "{D61C6015-A166-44A0-8358-57B917A4AD71}"
EndProject
Global
	GlobalSection(SolutionConfigurationPlatforms) = preSolution
		Debug|Any CPU = Debug|Any CPU
		Release|Any CPU = Release|Any CPU
	EndGlobalSection
	GlobalSection(ProjectConfigurationPlatforms) = postSolution
		{D61C6015-A166-44A0-8358-57B917A4AD71}.Debug|Any CPU.ActiveCfg = Debug|Any CPU
		{D61C6015-A166-44A0-8358-57B917A4AD71}.Debug|Any CPU.Build.0 = Debug|Any CPU
		{D61C6015-A166-44A0-8358-57B917A4AD71}.Release|Any CPU.ActiveCfg = Release|Any CPU
		{D61C6015-A166-44A0-8358-57B917A4AD71}.Release|Any CPU.Build.0 = Release|Any CPU
	EndGlobalSection
	GlobalSection(SolutionProperties) = preSolution
		HideSolutionNode = FALSE
	EndGlobalSection
	GlobalSection(ExtensibilityGlobals) = postSolution
		SolutionGuid = {6ED7DD21-B4C8-4C7D-979A-DFE07BF72082}
	EndGlobalSection
EndGlobal
