
Microsoft Visual Studio Solution File, Format Version 12.00
# Visual Studio Version 16
VisualStudioVersion = 16.0.33130.400
MinimumVisualStudioVersion = 10.0.40219.1
Project("{FAE04EC0-301F-11D3-BF4B-00C04F79EFBC}") = "StringsandIntegers", "StringsandIntegers\StringsandIntegers.csproj", "{A208ACED-76F8-4069-8283-E51211F948A2}"
EndProject
Global
	GlobalSection(SolutionConfigurationPlatforms) = preSolution
		Debug|Any CPU = Debug|Any CPU
		Release|Any CPU = Release|Any CPU
	EndGlobalSection
	GlobalSection(ProjectConfigurationPlatforms) = postSolution
		{A208ACED-76F8-4069-8283-E51211F948A2}.Debug|Any CPU.ActiveCfg = Debug|Any CPU
		{A208ACED-76F8-4069-8283-E51211F948A2}.Debug|Any CPU.Build.0 = Debug|Any CPU
		{A208ACED-76F8-4069-8283-E51211F948A2}.Release|Any CPU.ActiveCfg = Release|Any CPU
		{A208ACED-76F8-4069-8283-E51211F948A2}.Release|Any CPU.Build.0 = Release|Any CPU
	EndGlobalSection
	GlobalSection(SolutionProperties) = preSolution
		HideSolutionNode = FALSE
	EndGlobalSection
	GlobalSection(ExtensibilityGlobals) = postSolution
		SolutionGuid = {70A6AF57-F96D-46B5-91E0-473A8AF6E573}
	EndGlobalSection
EndGlobal
