
Microsoft Visual Studio Solution File, Format Version 12.00
# Visual Studio Version 16
VisualStudioVersion = 16.0.33130.400
MinimumVisualStudioVersion = 10.0.40219.1
Project("{FAE04EC0-301F-11D3-BF4B-00C04F79EFBC}") = "MethodClassAssignment", "MethodClassAssignment\MethodClassAssignment.csproj", "{B2CB6999-7E18-4AE7-8C3E-58A3CE4BF08C}"
EndProject
Global
	GlobalSection(SolutionConfigurationPlatforms) = preSolution
		Debug|Any CPU = Debug|Any CPU
		Release|Any CPU = Release|Any CPU
	EndGlobalSection
	GlobalSection(ProjectConfigurationPlatforms) = postSolution
		{B2CB6999-7E18-4AE7-8C3E-58A3CE4BF08C}.Debug|Any CPU.ActiveCfg = Debug|Any CPU
		{B2CB6999-7E18-4AE7-8C3E-58A3CE4BF08C}.Debug|Any CPU.Build.0 = Debug|Any CPU
		{B2CB6999-7E18-4AE7-8C3E-58A3CE4BF08C}.Release|Any CPU.ActiveCfg = Release|Any CPU
		{B2CB6999-7E18-4AE7-8C3E-58A3CE4BF08C}.Release|Any CPU.Build.0 = Release|Any CPU
	EndGlobalSection
	GlobalSection(SolutionProperties) = preSolution
		HideSolutionNode = FALSE
	EndGlobalSection
	GlobalSection(ExtensibilityGlobals) = postSolution
		SolutionGuid = {823DFC2D-F653-43ED-B3CF-0BE1BED71E69}
	EndGlobalSection
EndGlobal
