
Microsoft Visual Studio Solution File, Format Version 12.00
# Visual Studio Version 16
VisualStudioVersion = 16.0.33130.400
MinimumVisualStudioVersion = 10.0.40219.1
Project("{FAE04EC0-301F-11D3-BF4B-00C04F79EFBC}") = "OperatorsAssignment", "OperatorsAssignment\OperatorsAssignment.csproj", "{5D58BE2D-EB67-4C49-8C83-15D35EB1080A}"
EndProject
Global
	GlobalSection(SolutionConfigurationPlatforms) = preSolution
		Debug|Any CPU = Debug|Any CPU
		Release|Any CPU = Release|Any CPU
	EndGlobalSection
	GlobalSection(ProjectConfigurationPlatforms) = postSolution
		{5D58BE2D-EB67-4C49-8C83-15D35EB1080A}.Debug|Any CPU.ActiveCfg = Debug|Any CPU
		{5D58BE2D-EB67-4C49-8C83-15D35EB1080A}.Debug|Any CPU.Build.0 = Debug|Any CPU
		{5D58BE2D-EB67-4C49-8C83-15D35EB1080A}.Release|Any CPU.ActiveCfg = Release|Any CPU
		{5D58BE2D-EB67-4C49-8C83-15D35EB1080A}.Release|Any CPU.Build.0 = Release|Any CPU
	EndGlobalSection
	GlobalSection(SolutionProperties) = preSolution
		HideSolutionNode = FALSE
	EndGlobalSection
	GlobalSection(ExtensibilityGlobals) = postSolution
		SolutionGuid = {881390AE-8BA9-417F-AAA9-80CAA7AC0456}
	EndGlobalSection
EndGlobal
